
Microsoft Visual Studio Solution File, Format Version 12.00
# Visual Studio Version 17
VisualStudioVersion = 17.14.36623.8 d17.14
MinimumVisualStudioVersion = 10.0.40219.1
Project("{FAE04EC0-301F-11D3-BF4B-00C04F79EFBC}") = "Exercise2", "Exercise2\Exercise2.csproj", "{2827B029-D719-484B-B4D2-D2732ABCDC73}"
EndProject
Global
	GlobalSection(SolutionConfigurationPlatforms) = preSolution
		Debug|Any CPU = Debug|Any CPU
		Release|Any CPU = Release|Any CPU
	EndGlobalSection
	GlobalSection(ProjectConfigurationPlatforms) = postSolution
		{2827B029-D719-484B-B4D2-D2732ABCDC73}.Debug|Any CPU.ActiveCfg = Debug|Any CPU
		{2827B029-D719-484B-B4D2-D2732ABCDC73}.Debug|Any CPU.Build.0 = Debug|Any CPU
		{2827B029-D719-484B-B4D2-D2732ABCDC73}.Release|Any CPU.ActiveCfg = Release|Any CPU
		{2827B029-D719-484B-B4D2-D2732ABCDC73}.Release|Any CPU.Build.0 = Release|Any CPU
	EndGlobalSection
	GlobalSection(SolutionProperties) = preSolution
		HideSolutionNode = FALSE
	EndGlobalSection
	GlobalSection(ExtensibilityGlobals) = postSolution
		SolutionGuid = {B1173615-E643-4A2C-9BC1-B24A5B01D2FF}
	EndGlobalSection
EndGlobal
